
Microsoft Visual Studio Solution File, Format Version 12.00
# Visual Studio Version 17
VisualStudioVersion = 17.13.35825.156 d17.13
MinimumVisualStudioVersion = 10.0.40219.1
Project("{FAE04EC0-301F-11D3-BF4B-00C04F79EFBC}") = "DHO_ProfitCalculator", "DHO_ProfitCalculator.csproj", "{35377873-3B68-47AB-8D5A-22778B21635E}"
EndProject
Global
	GlobalSection(SolutionConfigurationPlatforms) = preSolution
		Debug|Any CPU = Debug|Any CPU
		Release|Any CPU = Release|Any CPU
	EndGlobalSection
	GlobalSection(ProjectConfigurationPlatforms) = postSolution
		{35377873-3B68-47AB-8D5A-22778B21635E}.Debug|Any CPU.ActiveCfg = Debug|Any CPU
		{35377873-3B68-47AB-8D5A-22778B21635E}.Debug|Any CPU.Build.0 = Debug|Any CPU
		{35377873-3B68-47AB-8D5A-22778B21635E}.Release|Any CPU.ActiveCfg = Release|Any CPU
		{35377873-3B68-47AB-8D5A-22778B21635E}.Release|Any CPU.Build.0 = Release|Any CPU
	EndGlobalSection
	GlobalSection(SolutionProperties) = preSolution
		HideSolutionNode = FALSE
	EndGlobalSection
	GlobalSection(ExtensibilityGlobals) = postSolution
		SolutionGuid = {EE175226-E885-4126-81DD-5505FBC12B72}
	EndGlobalSection
EndGlobal
